// !$*UTF8*$!
{
	archiveVersion = 1;
	classes = {
	};
	objectVersion = 50;
	objects = {

/* Begin PBXBuildFile section */
		3C8EC4132395B63D00967583 /* AppDelegate.swift in Sources */ = {isa = PBXBuildFile; fileRef = 3C8EC4122395B63D00967583 /* AppDelegate.swift */; };
		3C8EC4152395B63D00967583 /* SceneDelegate.swift in Sources */ = {isa = PBXBuildFile; fileRef = 3C8EC4142395B63D00967583 /* SceneDelegate.swift */; };
		3C8EC4172395B63D00967583 /* JokeViewController.swift in Sources */ = {isa = PBXBuildFile; fileRef = 3C8EC4162395B63D00967583 /* JokeViewController.swift */; };
		3C8EC41A2395B63D00967583 /* Main.storyboard in Resources */ = {isa = PBXBuildFile; fileRef = 3C8EC4182395B63D00967583 /* Main.storyboard */; };
		3C8EC41C2395B63F00967583 /* Assets.xcassets in Resources */ = {isa = PBXBuildFile; fileRef = 3C8EC41B2395B63F00967583 /* Assets.xcassets */; };
		3C8EC41F2395B63F00967583 /* LaunchScreen.storyboard in Resources */ = {isa = PBXBuildFile; fileRef = 3C8EC41D2395B63F00967583 /* LaunchScreen.storyboard */; };
		3C8EC42A2395B63F00967583 /* Introduction_to_Unit_Testing_LabTests.swift in Sources */ = {isa = PBXBuildFile; fileRef = 3C8EC4292395B63F00967583 /* Introduction_to_Unit_Testing_LabTests.swift */; };
		3CA238482395BB0C00FE99D6 /* StarWarsViewController.swift in Sources */ = {isa = PBXBuildFile; fileRef = 3CA238472395BB0C00FE99D6 /* StarWarsViewController.swift */; };
		3CA2384A2395BB1E00FE99D6 /* TriviaViewController.swift in Sources */ = {isa = PBXBuildFile; fileRef = 3CA238492395BB1E00FE99D6 /* TriviaViewController.swift */; };
/* End PBXBuildFile section */

/* Begin PBXContainerItemProxy section */
		3C8EC4262395B63F00967583 /* PBXContainerItemProxy */ = {
			isa = PBXContainerItemProxy;
			containerPortal = 3C8EC4072395B63D00967583 /* Project object */;
			proxyType = 1;
			remoteGlobalIDString = 3C8EC40E2395B63D00967583;
			remoteInfo = "Introduction-to-Unit-Testing-Lab";
		};
/* End PBXContainerItemProxy section */

/* Begin PBXFileReference section */
		3C8EC40F2395B63D00967583 /* Introduction-to-Unit-Testing-Lab.app */ = {isa = PBXFileReference; explicitFileType = wrapper.application; includeInIndex = 0; path = "Introduction-to-Unit-Testing-Lab.app"; sourceTree = BUILT_PRODUCTS_DIR; };
		3C8EC4122395B63D00967583 /* AppDelegate.swift */ = {isa = PBXFileReference; lastKnownFileType = sourcecode.swift; path = AppDelegate.swift; sourceTree = "<group>"; };
		3C8EC4142395B63D00967583 /* SceneDelegate.swift */ = {isa = PBXFileReference; lastKnownFileType = sourcecode.swift; path = SceneDelegate.swift; sourceTree = "<group>"; };
		3C8EC4162395B63D00967583 /* JokeViewController.swift */ = {isa = PBXFileReference; lastKnownFileType = sourcecode.swift; path = JokeViewController.swift; sourceTree = "<group>"; };
		3C8EC4192395B63D00967583 /* Base */ = {isa = PBXFileReference; lastKnownFileType = file.storyboard; name = Base; path = Base.lproj/Main.storyboard; sourceTree = "<group>"; };
		3C8EC41B2395B63F00967583 /* Assets.xcassets */ = {isa = PBXFileReference; lastKnownFileType = folder.assetcatalog; path = Assets.xcassets; sourceTree = "<group>"; };
		3C8EC41E2395B63F00967583 /* Base */ = {isa = PBXFileReference; lastKnownFileType = file.storyboard; name = Base; path = Base.lproj/LaunchScreen.storyboard; sourceTree = "<group>"; };
		3C8EC4202395B63F00967583 /* Info.plist */ = {isa = PBXFileReference; lastKnownFileType = text.plist.xml; path = Info.plist; sourceTree = "<group>"; };
		3C8EC4252395B63F00967583 /* Introduction-to-Unit-Testing-LabTests.xctest */ = {isa = PBXFileReference; explicitFileType = wrapper.cfbundle; includeInIndex = 0; path = "Introduction-to-Unit-Testing-LabTests.xctest"; sourceTree = BUILT_PRODUCTS_DIR; };
		3C8EC4292395B63F00967583 /* Introduction_to_Unit_Testing_LabTests.swift */ = {isa = PBXFileReference; lastKnownFileType = sourcecode.swift; path = Introduction_to_Unit_Testing_LabTests.swift; sourceTree = "<group>"; };
		3C8EC42B2395B63F00967583 /* Info.plist */ = {isa = PBXFileReference; lastKnownFileType = text.plist.xml; path = Info.plist; sourceTree = "<group>"; };
		3CA238472395BB0C00FE99D6 /* StarWarsViewController.swift */ = {isa = PBXFileReference; lastKnownFileType = sourcecode.swift; path = StarWarsViewController.swift; sourceTree = "<group>"; };
		3CA238492395BB1E00FE99D6 /* TriviaViewController.swift */ = {isa = PBXFileReference; lastKnownFileType = sourcecode.swift; path = TriviaViewController.swift; sourceTree = "<group>"; };
/* End PBXFileReference section */

/* Begin PBXFrameworksBuildPhase section */
		3C8EC40C2395B63D00967583 /* Frameworks */ = {
			isa = PBXFrameworksBuildPhase;
			buildActionMask = 2147483647;
			files = (
			);
			runOnlyForDeploymentPostprocessing = 0;
		};
		3C8EC4222395B63F00967583 /* Frameworks */ = {
			isa = PBXFrameworksBuildPhase;
			buildActionMask = 2147483647;
			files = (
			);
			runOnlyForDeploymentPostprocessing = 0;
		};
/* End PBXFrameworksBuildPhase section */

/* Begin PBXGroup section */
		3C8EC4062395B63D00967583 = {
			isa = PBXGroup;
			children = (
				3C8EC4112395B63D00967583 /* Introduction-to-Unit-Testing-Lab */,
				3C8EC4282395B63F00967583 /* Introduction-to-Unit-Testing-LabTests */,
				3C8EC4102395B63D00967583 /* Products */,
			);
			sourceTree = "<group>";
		};
		3C8EC4102395B63D00967583 /* Products */ = {
			isa = PBXGroup;
			children = (
				3C8EC40F2395B63D00967583 /* Introduction-to-Unit-Testing-Lab.app */,
				3C8EC4252395B63F00967583 /* Introduction-to-Unit-Testing-LabTests.xctest */,
			);
			name = Products;
			sourceTree = "<group>";
		};
		3C8EC4112395B63D00967583 /* Introduction-to-Unit-Testing-Lab */ = {
			isa = PBXGroup;
			children = (
				3C8EC4122395B63D00967583 /* AppDelegate.swift */,
				3C8EC4142395B63D00967583 /* SceneDelegate.swift */,
				3C8EC4182395B63D00967583 /* Main.storyboard */,
				3C8EC4162395B63D00967583 /* JokeViewController.swift */,
				3CA238472395BB0C00FE99D6 /* StarWarsViewController.swift */,
				3CA238492395BB1E00FE99D6 /* TriviaViewController.swift */,
				3C8EC41B2395B63F00967583 /* Assets.xcassets */,
				3C8EC41D2395B63F00967583 /* LaunchScreen.storyboard */,
				3C8EC4202395B63F00967583 /* Info.plist */,
			);
			path = "Introduction-to-Unit-Testing-Lab";
			sourceTree = "<group>";
		};
		3C8EC4282395B63F00967583 /* Introduction-to-Unit-Testing-LabTests */ = {
			isa = PBXGroup;
			children = (
				3C8EC4292395B63F00967583 /* Introduction_to_Unit_Testing_LabTests.swift */,
				3C8EC42B2395B63F00967583 /* Info.plist */,
			);
			path = "Introduction-to-Unit-Testing-LabTests";
			sourceTree = "<group>";
		};
/* End PBXGroup section */

/* Begin PBXNativeTarget section */
		3C8EC40E2395B63D00967583 /* Introduction-to-Unit-Testing-Lab */ = {
			isa = PBXNativeTarget;
			buildConfigurationList = 3C8EC42E2395B63F00967583 /* Build configuration list for PBXNativeTarget "Introduction-to-Unit-Testing-Lab" */;
			buildPhases = (
				3C8EC40B2395B63D00967583 /* Sources */,
				3C8EC40C2395B63D00967583 /* Frameworks */,
				3C8EC40D2395B63D00967583 /* Resources */,
			);
			buildRules = (
			);
			dependencies = (
			);
			name = "Introduction-to-Unit-Testing-Lab";
			productName = "Introduction-to-Unit-Testing-Lab";
			productReference = 3C8EC40F2395B63D00967583 /* Introduction-to-Unit-Testing-Lab.app */;
			productType = "com.apple.product-type.application";
		};
		3C8EC4242395B63F00967583 /* Introduction-to-Unit-Testing-LabTests */ = {
			isa = PBXNativeTarget;
			buildConfigurationList = 3C8EC4312395B63F00967583 /* Build configuration list for PBXNativeTarget "Introduction-to-Unit-Testing-LabTests" */;
			buildPhases = (
				3C8EC4212395B63F00967583 /* Sources */,
				3C8EC4222395B63F00967583 /* Frameworks */,
				3C8EC4232395B63F00967583 /* Resources */,
			);
			buildRules = (
			);
			dependencies = (
				3C8EC4272395B63F00967583 /* PBXTargetDependency */,
			);
			name = "Introduction-to-Unit-Testing-LabTests";
			productName = "Introduction-to-Unit-Testing-LabTests";
			productReference = 3C8EC4252395B63F00967583 /* Introduction-to-Unit-Testing-LabTests.xctest */;
			productType = "com.apple.product-type.bundle.unit-test";
		};
/* End PBXNativeTarget section */

/* Begin PBXProject section */
		3C8EC4072395B63D00967583 /* Project object */ = {
			isa = PBXProject;
			attributes = {
				LastSwiftUpdateCheck = 1100;
				LastUpgradeCheck = 1100;
				ORGANIZATIONNAME = "Pursuitful stuff";
				TargetAttributes = {
					3C8EC40E2395B63D00967583 = {
						CreatedOnToolsVersion = 11.0;
					};
					3C8EC4242395B63F00967583 = {
						CreatedOnToolsVersion = 11.0;
						TestTargetID = 3C8EC40E2395B63D00967583;
					};
				};
			};
			buildConfigurationList = 3C8EC40A2395B63D00967583 /* Build configuration list for PBXProject "Introduction-to-Unit-Testing-Lab" */;
			compatibilityVersion = "Xcode 9.3";
			developmentRegion = en;
			hasScannedForEncodings = 0;
			knownRegions = (
				en,
				Base,
			);
			mainGroup = 3C8EC4062395B63D00967583;
			productRefGroup = 3C8EC4102395B63D00967583 /* Products */;
			projectDirPath = "";
			projectRoot = "";
			targets = (
				3C8EC40E2395B63D00967583 /* Introduction-to-Unit-Testing-Lab */,
				3C8EC4242395B63F00967583 /* Introduction-to-Unit-Testing-LabTests */,
			);
		};
/* End PBXProject section */

/* Begin PBXResourcesBuildPhase section */
		3C8EC40D2395B63D00967583 /* Resources */ = {
			isa = PBXResourcesBuildPhase;
			buildActionMask = 2147483647;
			files = (
				3C8EC41F2395B63F00967583 /* LaunchScreen.storyboard in Resources */,
				3C8EC41C2395B63F00967583 /* Assets.xcassets in Resources */,
				3C8EC41A2395B63D00967583 /* Main.storyboard in Resources */,
			);
			runOnlyForDeploymentPostprocessing = 0;
		};
		3C8EC4232395B63F00967583 /* Resources */ = {
			isa = PBXResourcesBuildPhase;
			buildActionMask = 2147483647;
			files = (
			);
			runOnlyForDeploymentPostprocessing = 0;
		};
/* End PBXResourcesBuildPhase section */

/* Begin PBXSourcesBuildPhase section */
		3C8EC40B2395B63D00967583 /* Sources */ = {
			isa = PBXSourcesBuildPhase;
			buildActionMask = 2147483647;
			files = (
				3CA2384A2395BB1E00FE99D6 /* TriviaViewController.swift in Sources */,
				3C8EC4172395B63D00967583 /* JokeViewController.swift in Sources */,
				3CA238482395BB0C00FE99D6 /* StarWarsViewController.swift in Sources */,
				3C8EC4132395B63D00967583 /* AppDelegate.swift in Sources */,
				3C8EC4152395B63D00967583 /* SceneDelegate.swift in Sources */,
			);
			runOnlyForDeploymentPostprocessing = 0;
		};
		3C8EC4212395B63F00967583 /* Sources */ = {
			isa = PBXSourcesBuildPhase;
			buildActionMask = 2147483647;
			files = (
				3C8EC42A2395B63F00967583 /* Introduction_to_Unit_Testing_LabTests.swift in Sources */,
			);
			runOnlyForDeploymentPostprocessing = 0;
		};
/* End PBXSourcesBuildPhase section */

/* Begin PBXTargetDependency section */
		3C8EC4272395B63F00967583 /* PBXTargetDependency */ = {
			isa = PBXTargetDependency;
			target = 3C8EC40E2395B63D00967583 /* Introduction-to-Unit-Testing-Lab */;
			targetProxy = 3C8EC4262395B63F00967583 /* PBXContainerItemProxy */;
		};
/* End PBXTargetDependency section */

/* Begin PBXVariantGroup section */
		3C8EC4182395B63D00967583 /* Main.storyboard */ = {
			isa = PBXVariantGroup;
			children = (
				3C8EC4192395B63D00967583 /* Base */,
			);
			name = Main.storyboard;
			sourceTree = "<group>";
		};
		3C8EC41D2395B63F00967583 /* LaunchScreen.storyboard */ = {
			isa = PBXVariantGroup;
			children = (
				3C8EC41E2395B63F00967583 /* Base */,
			);
			name = LaunchScreen.storyboard;
			sourceTree = "<group>";
		};
/* End PBXVariantGroup section */

/* Begin XCBuildConfiguration section */
		3C8EC42C2395B63F00967583 /* Debug */ = {
			isa = XCBuildConfiguration;
			buildSettings = {
				ALWAYS_SEARCH_USER_PATHS = NO;
				CLANG_ANALYZER_NONNULL = YES;
				CLANG_ANALYZER_NUMBER_OBJECT_CONVERSION = YES_AGGRESSIVE;
				CLANG_CXX_LANGUAGE_STANDARD = "gnu++14";
				CLANG_CXX_LIBRARY = "libc++";
				CLANG_ENABLE_MODULES = YES;
				CLANG_ENABLE_OBJC_ARC = YES;
				CLANG_ENABLE_OBJC_WEAK = YES;
				CLANG_WARN_BLOCK_CAPTURE_AUTORELEASING = YES;
				CLANG_WARN_BOOL_CONVERSION = YES;
				CLANG_WARN_COMMA = YES;
				CLANG_WARN_CONSTANT_CONVERSION = YES;
				CLANG_WARN_DEPRECATED_OBJC_IMPLEMENTATIONS = YES;
				CLANG_WARN_DIRECT_OBJC_ISA_USAGE = YES_ERROR;
				CLANG_WARN_DOCUMENTATION_COMMENTS = YES;
				CLANG_WARN_EMPTY_BODY = YES;
				CLANG_WARN_ENUM_CONVERSION = YES;
				CLANG_WARN_INFINITE_RECURSION = YES;
				CLANG_WARN_INT_CONVERSION = YES;
				CLANG_WARN_NON_LITERAL_NULL_CONVERSION = YES;
				CLANG_WARN_OBJC_IMPLICIT_RETAIN_SELF = YES;
				CLANG_WARN_OBJC_LITERAL_CONVERSION = YES;
				CLANG_WARN_OBJC_ROOT_CLASS = YES_ERROR;
				CLANG_WARN_RANGE_LOOP_ANALYSIS = YES;
				CLANG_WARN_STRICT_PROTOTYPES = YES;
				CLANG_WARN_SUSPICIOUS_MOVE = YES;
				CLANG_WARN_UNGUARDED_AVAILABILITY = YES_AGGRESSIVE;
				CLANG_WARN_UNREACHABLE_CODE = YES;
				CLANG_WARN__DUPLICATE_METHOD_MATCH = YES;
				COPY_PHASE_STRIP = NO;
				DEBUG_INFORMATION_FORMAT = dwarf;
				ENABLE_STRICT_OBJC_MSGSEND = YES;
				ENABLE_TESTABILITY = YES;
				GCC_C_LANGUAGE_STANDARD = gnu11;
				GCC_DYNAMIC_NO_PIC = NO;
				GCC_NO_COMMON_BLOCKS = YES;
				GCC_OPTIMIZATION_LEVEL = 0;
				GCC_PREPROCESSOR_DEFINITIONS = (
					"DEBUG=1",
					"$(inherited)",
				);
				GCC_WARN_64_TO_32_BIT_CONVERSION = YES;
				GCC_WARN_ABOUT_RETURN_TYPE = YES_ERROR;
				GCC_WARN_UNDECLARED_SELECTOR = YES;
				GCC_WARN_UNINITIALIZED_AUTOS = YES_AGGRESSIVE;
				GCC_WARN_UNUSED_FUNCTION = YES;
				GCC_WARN_UNUSED_VARIABLE = YES;
				IPHONEOS_DEPLOYMENT_TARGET = 13.0;
				MTL_ENABLE_DEBUG_INFO = INCLUDE_SOURCE;
				MTL_FAST_MATH = YES;
				ONLY_ACTIVE_ARCH = YES;
				SDKROOT = iphoneos;
				SWIFT_ACTIVE_COMPILATION_CONDITIONS = DEBUG;
				SWIFT_OPTIMIZATION_LEVEL = "-Onone";
			};
			name = Debug;
		};
		3C8EC42D2395B63F00967583 /* Release */ = {
			isa = XCBuildConfiguration;
			buildSettings = {
				ALWAYS_SEARCH_USER_PATHS = NO;
				CLANG_ANALYZER_NONNULL = YES;
				CLANG_ANALYZER_NUMBER_OBJECT_CONVERSION = YES_AGGRESSIVE;
				CLANG_CXX_LANGUAGE_STANDARD = "gnu++14";
				CLANG_CXX_LIBRARY = "libc++";
				CLANG_ENABLE_MODULES = YES;
				CLANG_ENABLE_OBJC_ARC = YES;
				CLANG_ENABLE_OBJC_WEAK = YES;
				CLANG_WARN_BLOCK_CAPTURE_AUTORELEASING = YES;
				CLANG_WARN_BOOL_CONVERSION = YES;
				CLANG_WARN_COMMA = YES;
				CLANG_WARN_CONSTANT_CONVERSION = YES;
				CLANG_WARN_DEPRECATED_OBJC_IMPLEMENTATIONS = YES;
				CLANG_WARN_DIRECT_OBJC_ISA_USAGE = YES_ERROR;
				CLANG_WARN_DOCUMENTATION_COMMENTS = YES;
				CLANG_WARN_EMPTY_BODY = YES;
				CLANG_WARN_ENUM_CONVERSION = YES;
				CLANG_WARN_INFINITE_RECURSION = YES;
				CLANG_WARN_INT_CONVERSION = YES;
				CLANG_WARN_NON_LITERAL_NULL_CONVERSION = YES;
				CLANG_WARN_OBJC_IMPLICIT_RETAIN_SELF = YES;
				CLANG_WARN_OBJC_LITERAL_CONVERSION = YES;
				CLANG_WARN_OBJC_ROOT_CLASS = YES_ERROR;
				CLANG_WARN_RANGE_LOOP_ANALYSIS = YES;
				CLANG_WARN_STRICT_PROTOTYPES = YES;
				CLANG_WARN_SUSPICIOUS_MOVE = YES;
				CLANG_WARN_UNGUARDED_AVAILABILITY = YES_AGGRESSIVE;
				CLANG_WARN_UNREACHABLE_CODE = YES;
				CLANG_WARN__DUPLICATE_METHOD_MATCH = YES;
				COPY_PHASE_STRIP = NO;
				DEBUG_INFORMATION_FORMAT = "dwarf-with-dsym";
				ENABLE_NS_ASSERTIONS = NO;
				ENABLE_STRICT_OBJC_MSGSEND = YES;
				GCC_C_LANGUAGE_STANDARD = gnu11;
				GCC_NO_COMMON_BLOCKS = YES;
				GCC_WARN_64_TO_32_BIT_CONVERSION = YES;
				GCC_WARN_ABOUT_RETURN_TYPE = YES_ERROR;
				GCC_WARN_UNDECLARED_SELECTOR = YES;
				GCC_WARN_UNINITIALIZED_AUTOS = YES_AGGRESSIVE;
				GCC_WARN_UNUSED_FUNCTION = YES;
				GCC_WARN_UNUSED_VARIABLE = YES;
				IPHONEOS_DEPLOYMENT_TARGET = 13.0;
				MTL_ENABLE_DEBUG_INFO = NO;
				MTL_FAST_MATH = YES;
				SDKROOT = iphoneos;
				SWIFT_COMPILATION_MODE = wholemodule;
				SWIFT_OPTIMIZATION_LEVEL = "-O";
				VALIDATE_PRODUCT = YES;
			};
			name = Release;
		};
		3C8EC42F2395B63F00967583 /* Debug */ = {
			isa = XCBuildConfiguration;
			buildSettings = {
				ASSETCATALOG_COMPILER_APPICON_NAME = AppIcon;
				CODE_SIGN_STYLE = Automatic;
				DEVELOPMENT_TEAM = T3TVM2A475;
				INFOPLIST_FILE = "Introduction-to-Unit-Testing-Lab/Info.plist";
				LD_RUNPATH_SEARCH_PATHS = (
					"$(inherited)",
					"@executable_path/Frameworks",
				);
				PRODUCT_BUNDLE_IDENTIFIER = "org.SUwagboe.Introduction-to-Unit-Testing-Lab";
				PRODUCT_NAME = "$(TARGET_NAME)";
				SWIFT_VERSION = 5.0;
				TARGETED_DEVICE_FAMILY = "1,2";
			};
			name = Debug;
		};
		3C8EC4302395B63F00967583 /* Release */ = {
			isa = XCBuildConfiguration;
			buildSettings = {
				ASSETCATALOG_COMPILER_APPICON_NAME = AppIcon;
				CODE_SIGN_STYLE = Automatic;
				DEVELOPMENT_TEAM = T3TVM2A475;
				INFOPLIST_FILE = "Introduction-to-Unit-Testing-Lab/Info.plist";
				LD_RUNPATH_SEARCH_PATHS = (
					"$(inherited)",
					"@executable_path/Frameworks",
				);
				PRODUCT_BUNDLE_IDENTIFIER = "org.SUwagboe.Introduction-to-Unit-Testing-Lab";
				PRODUCT_NAME = "$(TARGET_NAME)";
				SWIFT_VERSION = 5.0;
				TARGETED_DEVICE_FAMILY = "1,2";
			};
			name = Release;
		};
		3C8EC4322395B63F00967583 /* Debug */ = {
			isa = XCBuildConfiguration;
			buildSettings = {
				ALWAYS_EMBED_SWIFT_STANDARD_LIBRARIES = YES;
				BUNDLE_LOADER = "$(TEST_HOST)";
				CODE_SIGN_STYLE = Automatic;
				DEVELOPMENT_TEAM = T3TVM2A475;
				INFOPLIST_FILE = "Introduction-to-Unit-Testing-LabTests/Info.plist";
				IPHONEOS_DEPLOYMENT_TARGET = 13.0;
				LD_RUNPATH_SEARCH_PATHS = (
					"$(inherited)",
					"@executable_path/Frameworks",
					"@loader_path/Frameworks",
				);
				PRODUCT_BUNDLE_IDENTIFIER = "org.SUwagboe.Introduction-to-Unit-Testing-LabTests";
				PRODUCT_NAME = "$(TARGET_NAME)";
				SWIFT_VERSION = 5.0;
				TARGETED_DEVICE_FAMILY = "1,2";
				TEST_HOST = "$(BUILT_PRODUCTS_DIR)/Introduction-to-Unit-Testing-Lab.app/Introduction-to-Unit-Testing-Lab";
			};
			name = Debug;
		};
		3C8EC4332395B63F00967583 /* Release */ = {
			isa = XCBuildConfiguration;
			buildSettings = {
				ALWAYS_EMBED_SWIFT_STANDARD_LIBRARIES = YES;
				BUNDLE_LOADER = "$(TEST_HOST)";
				CODE_SIGN_STYLE = Automatic;
				DEVELOPMENT_TEAM = T3TVM2A475;
				INFOPLIST_FILE = "Introduction-to-Unit-Testing-LabTests/Info.plist";
				IPHONEOS_DEPLOYMENT_TARGET = 13.0;
				LD_RUNPATH_SEARCH_PATHS = (
					"$(inherited)",
					"@executable_path/Frameworks",
					"@loader_path/Frameworks",
				);
				PRODUCT_BUNDLE_IDENTIFIER = "org.SUwagboe.Introduction-to-Unit-Testing-LabTests";
				PRODUCT_NAME = "$(TARGET_NAME)";
				SWIFT_VERSION = 5.0;
				TARGETED_DEVICE_FAMILY = "1,2";
				TEST_HOST = "$(BUILT_PRODUCTS_DIR)/Introduction-to-Unit-Testing-Lab.app/Introduction-to-Unit-Testing-Lab";
			};
			name = Release;
		};
/* End XCBuildConfiguration section */

/* Begin XCConfigurationList section */
		3C8EC40A2395B63D00967583 /* Build configuration list for PBXProject "Introduction-to-Unit-Testing-Lab" */ = {
			isa = XCConfigurationList;
			buildConfigurations = (
				3C8EC42C2395B63F00967583 /* Debug */,
				3C8EC42D2395B63F00967583 /* Release */,
			);
			defaultConfigurationIsVisible = 0;
			defaultConfigurationName = Release;
		};
		3C8EC42E2395B63F00967583 /* Build configuration list for PBXNativeTarget "Introduction-to-Unit-Testing-Lab" */ = {
			isa = XCConfigurationList;
			buildConfigurations = (
				3C8EC42F2395B63F00967583 /* Debug */,
				3C8EC4302395B63F00967583 /* Release */,
			);
			defaultConfigurationIsVisible = 0;
			defaultConfigurationName = Release;
		};
		3C8EC4312395B63F00967583 /* Build configuration list for PBXNativeTarget "Introduction-to-Unit-Testing-LabTests" */ = {
			isa = XCConfigurationList;
			buildConfigurations = (
				3C8EC4322395B63F00967583 /* Debug */,
				3C8EC4332395B63F00967583 /* Release */,
			);
			defaultConfigurationIsVisible = 0;
			defaultConfigurationName = Release;
		};
/* End XCConfigurationList section */
	};
	rootObject = 3C8EC4072395B63D00967583 /* Project object */;
}
